
Microsoft Visual Studio Solution File, Format Version 12.00
# Visual Studio Version 16
VisualStudioVersion = 16.0.29806.167
MinimumVisualStudioVersion = 10.0.40219.1
Project("{8BC9CEB8-8B4A-11D0-8D11-00A0C91BC942}") = "opengl_build_rpg_tutorial", "opengl_build_rpg_tutorial\opengl_build_rpg_tutorial.vcxproj", "{80570F46-F5CC-4311-9B08-EAC03A29B230}"
EndProject
Global
	GlobalSection(SolutionConfigurationPlatforms) = preSolution
		Debug|x64 = Debug|x64
		Debug|x86 = Debug|x86
		Release|x64 = Release|x64
		Release|x86 = Release|x86
	EndGlobalSection
	GlobalSection(ProjectConfigurationPlatforms) = postSolution
		{80570F46-F5CC-4311-9B08-EAC03A29B230}.Debug|x64.ActiveCfg = Debug|x64
		{80570F46-F5CC-4311-9B08-EAC03A29B230}.Debug|x64.Build.0 = Debug|x64
		{80570F46-F5CC-4311-9B08-EAC03A29B230}.Debug|x86.ActiveCfg = Debug|x64
		{80570F46-F5CC-4311-9B08-EAC03A29B230}.Debug|x86.Build.0 = Debug|x64
		{80570F46-F5CC-4311-9B08-EAC03A29B230}.Release|x64.ActiveCfg = Release|x64
		{80570F46-F5CC-4311-9B08-EAC03A29B230}.Release|x64.Build.0 = Release|x64
		{80570F46-F5CC-4311-9B08-EAC03A29B230}.Release|x86.ActiveCfg = Release|Win32
		{80570F46-F5CC-4311-9B08-EAC03A29B230}.Release|x86.Build.0 = Release|Win32
	EndGlobalSection
	GlobalSection(SolutionProperties) = preSolution
		HideSolutionNode = FALSE
	EndGlobalSection
	GlobalSection(ExtensibilityGlobals) = postSolution
		SolutionGuid = {015BD67F-8C04-477C-8E2A-77032B49A172}
	EndGlobalSection
EndGlobal
