<?xml version="1.0" encoding="utf-8"?>
<Project ToolsVersion="4.0" xmlns="http://schemas.microsoft.com/developer/msbuild/2003">
  <ItemGroup>
    <Filter Include="Header Files">
      <UniqueIdentifier>{93995380-89BD-4b04-88EB-625FBE52EBFB}</UniqueIdentifier>
      <Extensions>h;hh;hpp;hxx;hm;inl;inc;ipp;xsd</Extensions>
    </Filter>
    <Filter Include="Resource Files">
      <UniqueIdentifier>{67DA6AB6-F800-4c08-8B7A-83BB121AAD01}</UniqueIdentifier>
      <Extensions>rc;ico;cur;bmp;dlg;rc2;rct;bin;rgs;gif;jpg;jpeg;jpe;resx;tiff;tif;png;wav;mfcribbon-ms</Extensions>
    </Filter>
    <Filter Include="EC">
      <UniqueIdentifier>{128e2fd7-c4b1-44ad-bb01-3b2f53395d82}</UniqueIdentifier>
    </Filter>
    <Filter Include="EC\Component">
      <UniqueIdentifier>{4b71e735-bdbe-40a5-aa4e-b4d2ecd68a5c}</UniqueIdentifier>
    </Filter>
    <Filter Include="EC\Component\System">
      <UniqueIdentifier>{0d16eb6b-3dbc-449e-839e-6a7d36518083}</UniqueIdentifier>
    </Filter>
    <Filter Include="EC\Component\Controller">
      <UniqueIdentifier>{7785d3a9-fb05-49f3-84b0-6ee5774cd4ac}</UniqueIdentifier>
    </Filter>
    <Filter Include="EC\Component\Trigger">
      <UniqueIdentifier>{a080096e-ac5f-4b4f-a70d-723d5eb62022}</UniqueIdentifier>
    </Filter>
    <Filter Include="EC\Component\Trigger\Input">
      <UniqueIdentifier>{2f1fc7ba-149b-4e8e-b2a0-62fcb82612ed}</UniqueIdentifier>
    </Filter>
    <Filter Include="EC\Component\Collider">
      <UniqueIdentifier>{c8de2752-f01a-4bee-93e1-9fa4605fa087}</UniqueIdentifier>
    </Filter>
    <Filter Include="EC\Component\Collider\GJK">
      <UniqueIdentifier>{ceb870b7-eb79-4762-bf65-565aaddecf9b}</UniqueIdentifier>
    </Filter>
    <Filter Include="EC\Component\Collider\GJK\Physics">
      <UniqueIdentifier>{0b9a7f45-e072-4ce2-9b83-2eebb17f9bf6}</UniqueIdentifier>
    </Filter>
    <Filter Include="EC\Component\Collider\AABB">
      <UniqueIdentifier>{b9cc9142-85e5-4af2-b19d-75286f18fdfa}</UniqueIdentifier>
    </Filter>
    <Filter Include="EC\Component\Collider\AABB\Physics">
      <UniqueIdentifier>{b5f88663-a61f-40c9-8756-d5c2471d3c98}</UniqueIdentifier>
    </Filter>
    <Filter Include="EC\Component\Material">
      <UniqueIdentifier>{a9f8956d-e85e-4ace-b9b8-c7b16ecb628e}</UniqueIdentifier>
    </Filter>
    <Filter Include="EC\Component\Src">
      <UniqueIdentifier>{4d43af6b-ac9e-454b-a9de-4338d83fc6f6}</UniqueIdentifier>
    </Filter>
    <Filter Include="EC\Component\Trigger\Input\GameState">
      <UniqueIdentifier>{9fb5bef0-c526-4b9e-9db6-515c6f2c5c21}</UniqueIdentifier>
    </Filter>
    <Filter Include="Source Files">
      <UniqueIdentifier>{4FC737F1-C7A5-4376-A066-2A32D752A2FF}</UniqueIdentifier>
      <Extensions>cpp;c;cc;cxx;def;odl;idl;hpj;bat;asm;asmx</Extensions>
    </Filter>
    <Filter Include="EC\Component\Trigger\Input\GameObject">
      <UniqueIdentifier>{52f76306-7a6f-4dba-96f8-aab124b9a5f9}</UniqueIdentifier>
    </Filter>
    <Filter Include="EC\Component\System\Render">
      <UniqueIdentifier>{b28cdf7b-d0aa-4a5c-b4be-79e317e913c2}</UniqueIdentifier>
    </Filter>
    <Filter Include="EC\Component\System\Update">
      <UniqueIdentifier>{f38c53a0-73a2-4851-acc7-31e05b4a2fe9}</UniqueIdentifier>
    </Filter>
    <Filter Include="EC\Component\System\Item">
      <UniqueIdentifier>{8797329b-1d40-42c5-9aa3-e0ad47d46a23}</UniqueIdentifier>
    </Filter>
  </ItemGroup>
  <ItemGroup>
    <ClCompile Include="main.cpp">
      <Filter>Source Files</Filter>
    </ClCompile>
    <ClCompile Include="glad.c">
      <Filter>Source Files</Filter>
    </ClCompile>
    <ClCompile Include="component_renderer.cpp">
      <Filter>EC\Component</Filter>
    </ClCompile>
    <ClCompile Include="component_shader.cpp">
      <Filter>EC\Component</Filter>
    </ClCompile>
    <ClCompile Include="component_texture.cpp">
      <Filter>EC\Component</Filter>
    </ClCompile>
    <ClCompile Include="game.cpp">
      <Filter>Source Files</Filter>
    </ClCompile>
    <ClCompile Include="logger.cpp">
      <Filter>Source Files</Filter>
    </ClCompile>
    <ClCompile Include="component_collider_gjk.cpp">
      <Filter>EC\Component\Collider\GJK</Filter>
    </ClCompile>
    <ClCompile Include="component_material.cpp">
      <Filter>EC\Component\Material</Filter>
    </ClCompile>
    <ClCompile Include="component_material_color.cpp">
      <Filter>EC\Component\Material</Filter>
    </ClCompile>
    <ClCompile Include="component_src_bitmap_glyph.cpp">
      <Filter>EC\Component\Src</Filter>
    </ClCompile>
  </ItemGroup>
  <ItemGroup>
    <ClInclude Include="stb_image.h">
      <Filter>Header Files</Filter>
    </ClInclude>
    <ClInclude Include="splay_tree.h">
      <Filter>Header Files</Filter>
    </ClInclude>
    <ClInclude Include="entity.h">
      <Filter>EC</Filter>
    </ClInclude>
    <ClInclude Include="component.h">
      <Filter>EC\Component</Filter>
    </ClInclude>
    <ClInclude Include="component_system.h">
      <Filter>EC\Component\System</Filter>
    </ClInclude>
    <ClInclude Include="component_transform.h">
      <Filter>EC\Component</Filter>
    </ClInclude>
    <ClInclude Include="component_renderer.h">
      <Filter>EC\Component</Filter>
    </ClInclude>
    <ClInclude Include="component_shader.h">
      <Filter>EC\Component</Filter>
    </ClInclude>
    <ClInclude Include="component_texture.h">
      <Filter>EC\Component</Filter>
    </ClInclude>
    <ClInclude Include="component_system_update_camera.h">
      <Filter>EC\Component\System\Update</Filter>
    </ClInclude>
    <ClInclude Include="game.h">
      <Filter>Header Files</Filter>
    </ClInclude>
    <ClInclude Include="rect.h">
      <Filter>Header Files</Filter>
    </ClInclude>
    <ClInclude Include="component_system_render_camera_draw.h">
      <Filter>EC\Component\System\Render</Filter>
    </ClInclude>
    <ClInclude Include="component_system_update_animation.h">
      <Filter>EC\Component\System\Update</Filter>
    </ClInclude>
    <ClInclude Include="component_system_update_move.h">
      <Filter>EC\Component\System\Update</Filter>
    </ClInclude>
    <ClInclude Include="component_controller.h">
      <Filter>EC\Component\Controller</Filter>
    </ClInclude>
    <ClInclude Include="component_controller_keyboard.h">
      <Filter>EC\Component\Controller</Filter>
    </ClInclude>
    <ClInclude Include="component_system_update_animate_move.h">
      <Filter>EC\Component\System\Update</Filter>
    </ClInclude>
    <ClInclude Include="component_vector.h">
      <Filter>EC\Component</Filter>
    </ClInclude>
    <ClInclude Include="component_trigger.h">
      <Filter>EC\Component\Trigger</Filter>
    </ClInclude>
    <ClInclude Include="component_trigger_input.h">
      <Filter>EC\Component\Trigger\Input</Filter>
    </ClInclude>
    <ClInclude Include="component_trigger_input_camera.h">
      <Filter>EC\Component\Trigger\Input</Filter>
    </ClInclude>
    <ClInclude Include="component_trigger_input_controller.h">
      <Filter>EC\Component\Trigger\Input</Filter>
    </ClInclude>
    <ClInclude Include="component_trigger_input_shader.h">
      <Filter>EC\Component\Trigger\Input</Filter>
    </ClInclude>
    <ClInclude Include="component_trigger_input_texture.h">
      <Filter>EC\Component\Trigger\Input</Filter>
    </ClInclude>
    <ClInclude Include="component_trigger_input_gamestate_overworld.h">
      <Filter>EC\Component\Trigger\Input\GameState</Filter>
    </ClInclude>
    <ClInclude Include="json.hpp">
      <Filter>Header Files</Filter>
    </ClInclude>
    <ClInclude Include="delimiter_split.h">
      <Filter>Header Files</Filter>
    </ClInclude>
    <ClInclude Include="component_trigger_input_tileset.h">
      <Filter>EC\Component\Trigger\Input</Filter>
    </ClInclude>
    <ClInclude Include="component_collider.h">
      <Filter>EC\Component\Collider</Filter>
    </ClInclude>
    <ClInclude Include="component_trigger_input_collision_world.h">
      <Filter>EC\Component\Trigger\Input</Filter>
    </ClInclude>
    <ClInclude Include="component_collider_physics_aabb_smooth.h">
      <Filter>EC\Component\Collider\AABB\Physics</Filter>
    </ClInclude>
    <ClInclude Include="component_collider_physics_aabb_sticky.h">
      <Filter>EC\Component\Collider\AABB\Physics</Filter>
    </ClInclude>
    <ClInclude Include="component_movement.h">
      <Filter>EC\Component</Filter>
    </ClInclude>
    <ClInclude Include="logger.h">
      <Filter>Header Files</Filter>
    </ClInclude>
    <ClInclude Include="component_array.h">
      <Filter>EC\Component</Filter>
    </ClInclude>
    <ClInclude Include="component_collider_gjk_boundary.h">
      <Filter>EC\Component\Collider\GJK</Filter>
    </ClInclude>
    <ClInclude Include="component_collider_gjk_circle.h">
      <Filter>EC\Component\Collider\GJK</Filter>
    </ClInclude>
    <ClInclude Include="component_collider_gjk_polygon.h">
      <Filter>EC\Component\Collider\GJK</Filter>
    </ClInclude>
    <ClInclude Include="component_collider_gjk.h">
      <Filter>EC\Component\Collider\GJK</Filter>
    </ClInclude>
    <ClInclude Include="component_collider_aabb.h">
      <Filter>EC\Component\Collider\AABB</Filter>
    </ClInclude>
    <ClInclude Include="component_collider_gjk_physics_boundary_smooth.h">
      <Filter>EC\Component\Collider\GJK\Physics</Filter>
    </ClInclude>
    <ClInclude Include="component_collider_gjk_physics_circle_smooth.h">
      <Filter>EC\Component\Collider\GJK\Physics</Filter>
    </ClInclude>
    <ClInclude Include="component_collider_gjk_physics_polygon_smooth.h">
      <Filter>EC\Component\Collider\GJK\Physics</Filter>
    </ClInclude>
    <ClInclude Include="physics.h">
      <Filter>EC\Component\Collider</Filter>
    </ClInclude>
    <ClInclude Include="component_system_update_check_collision.h">
      <Filter>EC\Component\System\Update</Filter>
    </ClInclude>
    <ClInclude Include="component_trigger_input_font.h">
      <Filter>EC\Component\Trigger\Input</Filter>
    </ClInclude>
    <ClInclude Include="component_material.h">
      <Filter>EC\Component\Material</Filter>
    </ClInclude>
    <ClInclude Include="component_material_color.h">
      <Filter>EC\Component\Material</Filter>
    </ClInclude>
    <ClInclude Include="component_src_bitmap_glyph.h">
      <Filter>EC\Component\Src</Filter>
    </ClInclude>
    <ClInclude Include="component_src.h">
      <Filter>EC\Component\Src</Filter>
    </ClInclude>
    <ClInclude Include="component_system_render_draw.h">
      <Filter>EC\Component\System\Render</Filter>
    </ClInclude>
    <ClInclude Include="quadly_linked_tree.h">
      <Filter>Header Files</Filter>
    </ClInclude>
    <ClInclude Include="component_tree.h">
      <Filter>EC\Component</Filter>
    </ClInclude>
    <ClInclude Include="frarr.h">
      <Filter>Header Files</Filter>
    </ClInclude>
    <ClInclude Include="component_system_update_traverse_tree.h">
      <Filter>EC\Component\System\Update</Filter>
    </ClInclude>
    <ClInclude Include="component_trigger_switch_systems.h">
      <Filter>EC\Component\Trigger</Filter>
    </ClInclude>
    <ClInclude Include="component_trigger_add_game_obj.h">
      <Filter>EC\Component\Trigger</Filter>
    </ClInclude>
    <ClInclude Include="component_trigger_delete_game_obj.h">
      <Filter>EC\Component\Trigger</Filter>
    </ClInclude>
    <ClInclude Include="component_template.h">
      <Filter>EC\Component</Filter>
    </ClInclude>
    <ClInclude Include="component_trigger_delete_entity.h">
      <Filter>EC\Component\Trigger</Filter>
    </ClInclude>
    <ClInclude Include="component_trigger_input_game_obj_collider_map.h">
      <Filter>EC\Component\Trigger\Input\GameObject</Filter>
    </ClInclude>
    <ClInclude Include="component_trigger_input_game_obj_text_area.h">
      <Filter>EC\Component\Trigger\Input\GameObject</Filter>
    </ClInclude>
    <ClInclude Include="component_trigger_input_game_obj_player.h">
      <Filter>EC\Component\Trigger\Input\GameObject</Filter>
    </ClInclude>
    <ClInclude Include="component_trigger_input_game_obj_tilemap.h">
      <Filter>EC\Component\Trigger\Input\GameObject</Filter>
    </ClInclude>
    <ClInclude Include="component_trigger_input_game_obj_textbox.h">
      <Filter>EC\Component\Trigger\Input\GameObject</Filter>
    </ClInclude>
    <ClInclude Include="component_trigger_input_game_obj_text.h">
      <Filter>EC\Component\Trigger\Input\GameObject</Filter>
    </ClInclude>
    <ClInclude Include="component_trigger_input_game_obj_box.h">
      <Filter>EC\Component\Trigger\Input\GameObject</Filter>
    </ClInclude>
    <ClInclude Include="component_trigger_input_gamestate.h">
      <Filter>EC\Component\Trigger\Input\GameState</Filter>
    </ClInclude>
    <ClInclude Include="component_trigger_input_game_obj.h">
      <Filter>EC\Component\Trigger\Input\GameObject</Filter>
    </ClInclude>
    <ClInclude Include="tree.h">
      <Filter>Header Files</Filter>
    </ClInclude>
    <ClInclude Include="sort.h">
      <Filter>Header Files</Filter>
    </ClInclude>
    <ClInclude Include="component_system_item.h">
      <Filter>EC\Component\System\Item</Filter>
    </ClInclude>
    <ClInclude Include="component_system_item_tilemap.h">
      <Filter>EC\Component\System\Item</Filter>
    </ClInclude>
    <ClInclude Include="component_system_item_textbox.h">
      <Filter>EC\Component\System\Item</Filter>
    </ClInclude>
    <ClInclude Include="component_engine.h">
      <Filter>EC\Component</Filter>
    </ClInclude>
  </ItemGroup>
  <ItemGroup>
    <None Include="Resources\Shaders\sprite.fs">
      <Filter>Resource Files</Filter>
    </None>
    <None Include="Resources\Shaders\sprite.vs">
      <Filter>Resource Files</Filter>
    </None>
    <None Include="Resources\Data\gilsans.json">
      <Filter>Resource Files</Filter>
    </None>
    <None Include="Resources\Shaders\font.fs">
      <Filter>Resource Files</Filter>
    </None>
    <None Include="Resources\Shaders\font.vs">
      <Filter>Resource Files</Filter>
    </None>
    <None Include="Resources\Data\test_message.json">
      <Filter>Resource Files</Filter>
    </None>
  </ItemGroup>
</Project>