<?xml version="1.0" encoding="utf-8"?>
<Project ToolsVersion="4.0" xmlns="http://schemas.microsoft.com/developer/msbuild/2003">
  <ItemGroup>
    <Filter Include="Header Files">
      <UniqueIdentifier>{93995380-89BD-4b04-88EB-625FBE52EBFB}</UniqueIdentifier>
      <Extensions>h;hh;hpp;hxx;hm;inl;inc;ipp;xsd</Extensions>
    </Filter>
    <Filter Include="Resource Files">
      <UniqueIdentifier>{67DA6AB6-F800-4c08-8B7A-83BB121AAD01}</UniqueIdentifier>
      <Extensions>rc;ico;cur;bmp;dlg;rc2;rct;bin;rgs;gif;jpg;jpeg;jpe;resx;tiff;tif;png;wav;mfcribbon-ms</Extensions>
    </Filter>
    <Filter Include="EC">
      <UniqueIdentifier>{128e2fd7-c4b1-44ad-bb01-3b2f53395d82}</UniqueIdentifier>
    </Filter>
    <Filter Include="EC\Component">
      <UniqueIdentifier>{4b71e735-bdbe-40a5-aa4e-b4d2ecd68a5c}</UniqueIdentifier>
    </Filter>
    <Filter Include="EC\Component\System">
      <UniqueIdentifier>{0d16eb6b-3dbc-449e-839e-6a7d36518083}</UniqueIdentifier>
    </Filter>
    <Filter Include="EC\Component\Controller">
      <UniqueIdentifier>{7785d3a9-fb05-49f3-84b0-6ee5774cd4ac}</UniqueIdentifier>
    </Filter>
    <Filter Include="EC\Component\Trigger">
      <UniqueIdentifier>{a080096e-ac5f-4b4f-a70d-723d5eb62022}</UniqueIdentifier>
    </Filter>
    <Filter Include="EC\Component\Trigger\Input">
      <UniqueIdentifier>{2f1fc7ba-149b-4e8e-b2a0-62fcb82612ed}</UniqueIdentifier>
    </Filter>
    <Filter Include="EC\Component\Material">
      <UniqueIdentifier>{a9f8956d-e85e-4ace-b9b8-c7b16ecb628e}</UniqueIdentifier>
    </Filter>
    <Filter Include="EC\Component\Trigger\Input\GameState">
      <UniqueIdentifier>{9fb5bef0-c526-4b9e-9db6-515c6f2c5c21}</UniqueIdentifier>
    </Filter>
    <Filter Include="Source Files">
      <UniqueIdentifier>{4FC737F1-C7A5-4376-A066-2A32D752A2FF}</UniqueIdentifier>
      <Extensions>cpp;c;cc;cxx;def;odl;idl;hpj;bat;asm;asmx</Extensions>
    </Filter>
    <Filter Include="EC\Component\Trigger\Input\GameObject">
      <UniqueIdentifier>{52f76306-7a6f-4dba-96f8-aab124b9a5f9}</UniqueIdentifier>
    </Filter>
    <Filter Include="EC\Component\System\Render">
      <UniqueIdentifier>{b28cdf7b-d0aa-4a5c-b4be-79e317e913c2}</UniqueIdentifier>
    </Filter>
    <Filter Include="EC\Component\System\Update">
      <UniqueIdentifier>{f38c53a0-73a2-4851-acc7-31e05b4a2fe9}</UniqueIdentifier>
    </Filter>
    <Filter Include="EC\Component\Trigger\Load">
      <UniqueIdentifier>{9684672b-b923-4386-9fb8-29bb434880a4}</UniqueIdentifier>
    </Filter>
    <Filter Include="EC\Component\Rect">
      <UniqueIdentifier>{193490e3-fec0-460e-a442-49d683f0f7ce}</UniqueIdentifier>
    </Filter>
    <Filter Include="Helper">
      <UniqueIdentifier>{b66d9891-671d-43ed-ac3c-5a0c0b8fa211}</UniqueIdentifier>
    </Filter>
    <Filter Include="EC\Component\Rect\GJK">
      <UniqueIdentifier>{ceb870b7-eb79-4762-bf65-565aaddecf9b}</UniqueIdentifier>
    </Filter>
    <Filter Include="EC\Component\Rect\GJK\Physics">
      <UniqueIdentifier>{b5f88663-a61f-40c9-8756-d5c2471d3c98}</UniqueIdentifier>
    </Filter>
  </ItemGroup>
  <ItemGroup>
    <ClCompile Include="main.cpp">
      <Filter>Source Files</Filter>
    </ClCompile>
    <ClCompile Include="glad.c">
      <Filter>Source Files</Filter>
    </ClCompile>
    <ClCompile Include="component_renderer.cpp">
      <Filter>EC\Component</Filter>
    </ClCompile>
    <ClCompile Include="component_shader.cpp">
      <Filter>EC\Component</Filter>
    </ClCompile>
    <ClCompile Include="component_texture.cpp">
      <Filter>EC\Component</Filter>
    </ClCompile>
    <ClCompile Include="game.cpp">
      <Filter>Source Files</Filter>
    </ClCompile>
    <ClCompile Include="logger.cpp">
      <Filter>Source Files</Filter>
    </ClCompile>
    <ClCompile Include="component_material.cpp">
      <Filter>EC\Component\Material</Filter>
    </ClCompile>
    <ClCompile Include="component_material_color.cpp">
      <Filter>EC\Component\Material</Filter>
    </ClCompile>
    <ClCompile Include="component_rect_bitmap_glyph.cpp">
      <Filter>EC\Component\Rect</Filter>
    </ClCompile>
    <ClCompile Include="add_component_rect.cpp">
      <Filter>Helper</Filter>
    </ClCompile>
    <ClCompile Include="delimiter_split.cpp">
      <Filter>Helper</Filter>
    </ClCompile>
    <ClCompile Include="aabb.cpp">
      <Filter>Helper</Filter>
    </ClCompile>
    <ClCompile Include="gjk.cpp">
      <Filter>Helper</Filter>
    </ClCompile>
  </ItemGroup>
  <ItemGroup>
    <ClInclude Include="stb_image.h">
      <Filter>Header Files</Filter>
    </ClInclude>
    <ClInclude Include="splay_tree.h">
      <Filter>Header Files</Filter>
    </ClInclude>
    <ClInclude Include="entity.h">
      <Filter>EC</Filter>
    </ClInclude>
    <ClInclude Include="component.h">
      <Filter>EC\Component</Filter>
    </ClInclude>
    <ClInclude Include="component_system.h">
      <Filter>EC\Component\System</Filter>
    </ClInclude>
    <ClInclude Include="component_renderer.h">
      <Filter>EC\Component</Filter>
    </ClInclude>
    <ClInclude Include="component_shader.h">
      <Filter>EC\Component</Filter>
    </ClInclude>
    <ClInclude Include="component_texture.h">
      <Filter>EC\Component</Filter>
    </ClInclude>
    <ClInclude Include="game.h">
      <Filter>Header Files</Filter>
    </ClInclude>
    <ClInclude Include="component_system_render_cameradraw.h">
      <Filter>EC\Component\System\Render</Filter>
    </ClInclude>
    <ClInclude Include="component_system_update_animation.h">
      <Filter>EC\Component\System\Update</Filter>
    </ClInclude>
    <ClInclude Include="component_system_update_move.h">
      <Filter>EC\Component\System\Update</Filter>
    </ClInclude>
    <ClInclude Include="component_controller.h">
      <Filter>EC\Component\Controller</Filter>
    </ClInclude>
    <ClInclude Include="component_controller_keyboard.h">
      <Filter>EC\Component\Controller</Filter>
    </ClInclude>
    <ClInclude Include="component_system_update_animatemove.h">
      <Filter>EC\Component\System\Update</Filter>
    </ClInclude>
    <ClInclude Include="component_vector.h">
      <Filter>EC\Component</Filter>
    </ClInclude>
    <ClInclude Include="component_trigger.h">
      <Filter>EC\Component\Trigger</Filter>
    </ClInclude>
    <ClInclude Include="component_trigger_input.h">
      <Filter>EC\Component\Trigger\Input</Filter>
    </ClInclude>
    <ClInclude Include="component_trigger_input_camera.h">
      <Filter>EC\Component\Trigger\Input</Filter>
    </ClInclude>
    <ClInclude Include="component_trigger_input_controller.h">
      <Filter>EC\Component\Trigger\Input</Filter>
    </ClInclude>
    <ClInclude Include="component_trigger_input_shader.h">
      <Filter>EC\Component\Trigger\Input</Filter>
    </ClInclude>
    <ClInclude Include="component_trigger_input_texture.h">
      <Filter>EC\Component\Trigger\Input</Filter>
    </ClInclude>
    <ClInclude Include="component_trigger_input_gamestate_overworld.h">
      <Filter>EC\Component\Trigger\Input\GameState</Filter>
    </ClInclude>
    <ClInclude Include="json.hpp">
      <Filter>Header Files</Filter>
    </ClInclude>
    <ClInclude Include="component_trigger_input_tileset.h">
      <Filter>EC\Component\Trigger\Input</Filter>
    </ClInclude>
    <ClInclude Include="component_trigger_input_quadtree.h">
      <Filter>EC\Component\Trigger\Input</Filter>
    </ClInclude>
    <ClInclude Include="logger.h">
      <Filter>Header Files</Filter>
    </ClInclude>
    <ClInclude Include="component_array.h">
      <Filter>EC\Component</Filter>
    </ClInclude>
    <ClInclude Include="component_rect_gjk_boundary.h">
      <Filter>EC\Component\Rect\GJK</Filter>
    </ClInclude>
    <ClInclude Include="component_rect_gjk_circle.h">
      <Filter>EC\Component\Rect\GJK</Filter>
    </ClInclude>
    <ClInclude Include="component_rect_gjk_polygon.h">
      <Filter>EC\Component\Rect\GJK</Filter>
    </ClInclude>
    <ClInclude Include="component_rect_gjk.h">
      <Filter>EC\Component\Rect\GJK</Filter>
    </ClInclude>
    <ClInclude Include="component_system_update_checkcollision.h">
      <Filter>EC\Component\System\Update</Filter>
    </ClInclude>
    <ClInclude Include="component_trigger_input_font.h">
      <Filter>EC\Component\Trigger\Input</Filter>
    </ClInclude>
    <ClInclude Include="component_material.h">
      <Filter>EC\Component\Material</Filter>
    </ClInclude>
    <ClInclude Include="component_material_color.h">
      <Filter>EC\Component\Material</Filter>
    </ClInclude>
    <ClInclude Include="component_system_render_draw.h">
      <Filter>EC\Component\System\Render</Filter>
    </ClInclude>
    <ClInclude Include="frarr.h">
      <Filter>Header Files</Filter>
    </ClInclude>
    <ClInclude Include="component_template.h">
      <Filter>EC\Component</Filter>
    </ClInclude>
    <ClInclude Include="component_trigger_input_gameobj_collidermap.h">
      <Filter>EC\Component\Trigger\Input\GameObject</Filter>
    </ClInclude>
    <ClInclude Include="component_trigger_input_gameobj_textarea.h">
      <Filter>EC\Component\Trigger\Input\GameObject</Filter>
    </ClInclude>
    <ClInclude Include="component_trigger_input_gameobj_player.h">
      <Filter>EC\Component\Trigger\Input\GameObject</Filter>
    </ClInclude>
    <ClInclude Include="component_trigger_input_gameobj_tilemap.h">
      <Filter>EC\Component\Trigger\Input\GameObject</Filter>
    </ClInclude>
    <ClInclude Include="component_trigger_input_gameobj_textbox.h">
      <Filter>EC\Component\Trigger\Input\GameObject</Filter>
    </ClInclude>
    <ClInclude Include="component_trigger_input_gameobj_text.h">
      <Filter>EC\Component\Trigger\Input\GameObject</Filter>
    </ClInclude>
    <ClInclude Include="component_trigger_input_gameobj_box.h">
      <Filter>EC\Component\Trigger\Input\GameObject</Filter>
    </ClInclude>
    <ClInclude Include="component_trigger_input_gamestate.h">
      <Filter>EC\Component\Trigger\Input\GameState</Filter>
    </ClInclude>
    <ClInclude Include="sort.h">
      <Filter>Header Files</Filter>
    </ClInclude>
    <ClInclude Include="component_engine.h">
      <Filter>EC\Component</Filter>
    </ClInclude>
    <ClInclude Include="tree.h">
      <Filter>Header Files</Filter>
    </ClInclude>
    <ClInclude Include="component_tree.h">
      <Filter>EC\Component</Filter>
    </ClInclude>
    <ClInclude Include="component_trigger_input_gameobj_emptytextarea.h">
      <Filter>EC\Component\Trigger\Input\GameObject</Filter>
    </ClInclude>
    <ClInclude Include="component_trigger_load_textbox.h">
      <Filter>EC\Component\Trigger\Load</Filter>
    </ClInclude>
    <ClInclude Include="component_trigger_load_box.h">
      <Filter>EC\Component\Trigger\Load</Filter>
    </ClInclude>
    <ClInclude Include="component_trigger_input_index.h">
      <Filter>EC\Component\Trigger\Input</Filter>
    </ClInclude>
    <ClInclude Include="component_json.h">
      <Filter>EC\Component</Filter>
    </ClInclude>
    <ClInclude Include="component_trigger_input_spritesheet.h">
      <Filter>EC\Component\Trigger\Input</Filter>
    </ClInclude>
    <ClInclude Include="component_trigger_load.h">
      <Filter>EC\Component\Trigger\Load</Filter>
    </ClInclude>
    <ClInclude Include="component_system_render_offset.h">
      <Filter>EC\Component\System\Render</Filter>
    </ClInclude>
    <ClInclude Include="component_system_render_empty.h">
      <Filter>EC\Component\System\Render</Filter>
    </ClInclude>
    <ClInclude Include="component_system_render_tilemap.h">
      <Filter>EC\Component\System\Render</Filter>
    </ClInclude>
    <ClInclude Include="component_system_update_camera.h">
      <Filter>EC\Component\System\Update</Filter>
    </ClInclude>
    <ClInclude Include="component_quadtree.h">
      <Filter>EC\Component</Filter>
    </ClInclude>
    <ClInclude Include="component_rect.h">
      <Filter>EC\Component\Rect</Filter>
    </ClInclude>
    <ClInclude Include="component_rect_bitmap_glyph.h">
      <Filter>EC\Component\Rect</Filter>
    </ClInclude>
    <ClInclude Include="rect.h">
      <Filter>Header Files</Filter>
    </ClInclude>
    <ClInclude Include="component_texunit.h">
      <Filter>EC\Component</Filter>
    </ClInclude>
    <ClInclude Include="component_trigger_swapvectors.h">
      <Filter>EC\Component\Trigger</Filter>
    </ClInclude>
    <ClInclude Include="add_component_rect.h">
      <Filter>Helper</Filter>
    </ClInclude>
    <ClInclude Include="component_trigger_input_loadcache.h">
      <Filter>EC\Component\Trigger\Input</Filter>
    </ClInclude>
    <ClInclude Include="component_trigger_load_message.h">
      <Filter>EC\Component\Trigger\Load</Filter>
    </ClInclude>
    <ClInclude Include="component_system_render_bulkdraw.h">
      <Filter>EC\Component\System\Render</Filter>
    </ClInclude>
    <ClInclude Include="component_system_update_checkaction.h">
      <Filter>EC\Component\System\Update</Filter>
    </ClInclude>
    <ClInclude Include="component_position.h">
      <Filter>EC\Component</Filter>
    </ClInclude>
    <ClInclude Include="component_system_update_traverse_tree.h">
      <Filter>EC\Component\System\Update</Filter>
    </ClInclude>
    <ClInclude Include="delimiter_split.h">
      <Filter>Helper</Filter>
    </ClInclude>
    <ClInclude Include="component_rect_gjk_physics.h">
      <Filter>EC\Component\Rect\GJK\Physics</Filter>
    </ClInclude>
    <ClInclude Include="component_rect_gjk_physics_smooth.h">
      <Filter>EC\Component\Rect\GJK\Physics</Filter>
    </ClInclude>
    <ClInclude Include="component_rect_action.h">
      <Filter>EC\Component\Rect</Filter>
    </ClInclude>
    <ClInclude Include="component_rect_gjk_action.h">
      <Filter>EC\Component\Rect\GJK</Filter>
    </ClInclude>
    <ClInclude Include="action.h">
      <Filter>Header Files</Filter>
    </ClInclude>
    <ClInclude Include="gjk.h">
      <Filter>Helper</Filter>
    </ClInclude>
    <ClInclude Include="aabb.h">
      <Filter>Helper</Filter>
    </ClInclude>
    <ClInclude Include="component_trigger_input_gamestate_house.h">
      <Filter>EC\Component\Trigger\Input\GameState</Filter>
    </ClInclude>
    <ClInclude Include="component_trigger_load_switchstate.h">
      <Filter>Header Files</Filter>
    </ClInclude>
    <ClInclude Include="component_system_update_checkactioncollision.h">
      <Filter>EC\Component\System\Update</Filter>
    </ClInclude>
  </ItemGroup>
  <ItemGroup>
    <None Include="Resources\Shaders\sprite.fs">
      <Filter>Resource Files</Filter>
    </None>
    <None Include="Resources\Shaders\sprite.vs">
      <Filter>Resource Files</Filter>
    </None>
    <None Include="Resources\Data\gilsans.json">
      <Filter>Resource Files</Filter>
    </None>
    <None Include="Resources\Shaders\font.fs">
      <Filter>Resource Files</Filter>
    </None>
    <None Include="Resources\Shaders\font.vs">
      <Filter>Resource Files</Filter>
    </None>
    <None Include="Resources\Data\test_message.json">
      <Filter>Resource Files</Filter>
    </None>
  </ItemGroup>
</Project>