<?xml version="1.0" encoding="utf-8"?>
<Project ToolsVersion="4.0" xmlns="http://schemas.microsoft.com/developer/msbuild/2003">
  <ItemGroup>
    <Filter Include="Source Files">
      <UniqueIdentifier>{4FC737F1-C7A5-4376-A066-2A32D752A2FF}</UniqueIdentifier>
      <Extensions>cpp;c;cc;cxx;def;odl;idl;hpj;bat;asm;asmx</Extensions>
    </Filter>
    <Filter Include="Header Files">
      <UniqueIdentifier>{93995380-89BD-4b04-88EB-625FBE52EBFB}</UniqueIdentifier>
      <Extensions>h;hh;hpp;hxx;hm;inl;inc;ipp;xsd</Extensions>
    </Filter>
    <Filter Include="Resource Files">
      <UniqueIdentifier>{67DA6AB6-F800-4c08-8B7A-83BB121AAD01}</UniqueIdentifier>
      <Extensions>rc;ico;cur;bmp;dlg;rc2;rct;bin;rgs;gif;jpg;jpeg;jpe;resx;tiff;tif;png;wav;mfcribbon-ms</Extensions>
    </Filter>
    <Filter Include="EC">
      <UniqueIdentifier>{128e2fd7-c4b1-44ad-bb01-3b2f53395d82}</UniqueIdentifier>
    </Filter>
    <Filter Include="EC\Component">
      <UniqueIdentifier>{4b71e735-bdbe-40a5-aa4e-b4d2ecd68a5c}</UniqueIdentifier>
    </Filter>
    <Filter Include="EC\Component\System">
      <UniqueIdentifier>{0d16eb6b-3dbc-449e-839e-6a7d36518083}</UniqueIdentifier>
    </Filter>
    <Filter Include="EC\Component\System\Render">
      <UniqueIdentifier>{b28cdf7b-d0aa-4a5c-b4be-79e317e913c2}</UniqueIdentifier>
    </Filter>
    <Filter Include="EC\Component\System\Update">
      <UniqueIdentifier>{f38c53a0-73a2-4851-acc7-31e05b4a2fe9}</UniqueIdentifier>
    </Filter>
    <Filter Include="EC\Component\Controller">
      <UniqueIdentifier>{7785d3a9-fb05-49f3-84b0-6ee5774cd4ac}</UniqueIdentifier>
    </Filter>
  </ItemGroup>
  <ItemGroup>
    <ClCompile Include="main.cpp">
      <Filter>Source Files</Filter>
    </ClCompile>
    <ClCompile Include="glad.c">
      <Filter>Source Files</Filter>
    </ClCompile>
    <ClCompile Include="component_material.cpp">
      <Filter>EC\Component</Filter>
    </ClCompile>
    <ClCompile Include="component_renderer.cpp">
      <Filter>EC\Component</Filter>
    </ClCompile>
    <ClCompile Include="component_shader.cpp">
      <Filter>EC\Component</Filter>
    </ClCompile>
    <ClCompile Include="component_texture.cpp">
      <Filter>EC\Component</Filter>
    </ClCompile>
    <ClCompile Include="game.cpp">
      <Filter>Source Files</Filter>
    </ClCompile>
  </ItemGroup>
  <ItemGroup>
    <ClInclude Include="stb_image.h">
      <Filter>Header Files</Filter>
    </ClInclude>
    <ClInclude Include="splay_tree.h">
      <Filter>Header Files</Filter>
    </ClInclude>
    <ClInclude Include="entity.h">
      <Filter>EC</Filter>
    </ClInclude>
    <ClInclude Include="component.h">
      <Filter>EC\Component</Filter>
    </ClInclude>
    <ClInclude Include="component_system.h">
      <Filter>EC\Component\System</Filter>
    </ClInclude>
    <ClInclude Include="component_transform.h">
      <Filter>EC\Component</Filter>
    </ClInclude>
    <ClInclude Include="component_material.h">
      <Filter>EC\Component</Filter>
    </ClInclude>
    <ClInclude Include="component_renderer.h">
      <Filter>EC\Component</Filter>
    </ClInclude>
    <ClInclude Include="component_shader.h">
      <Filter>EC\Component</Filter>
    </ClInclude>
    <ClInclude Include="component_texture.h">
      <Filter>EC\Component</Filter>
    </ClInclude>
    <ClInclude Include="component_system_update_camera.h">
      <Filter>EC\Component\System\Update</Filter>
    </ClInclude>
    <ClInclude Include="game.h">
      <Filter>Header Files</Filter>
    </ClInclude>
    <ClInclude Include="rect.h">
      <Filter>Header Files</Filter>
    </ClInclude>
    <ClInclude Include="component_src.h">
      <Filter>EC\Component</Filter>
    </ClInclude>
    <ClInclude Include="component_dest.h">
      <Filter>EC\Component</Filter>
    </ClInclude>
    <ClInclude Include="component_system_render_camera_draw.h">
      <Filter>EC\Component\System\Render</Filter>
    </ClInclude>
    <ClInclude Include="component_system_update_animation.h">
      <Filter>EC\Component\System\Update</Filter>
    </ClInclude>
    <ClInclude Include="component_system_update_move.h">
      <Filter>EC\Component\System\Update</Filter>
    </ClInclude>
    <ClInclude Include="component_controller.h">
      <Filter>EC\Component\Controller</Filter>
    </ClInclude>
    <ClInclude Include="component_controller_keyboard.h">
      <Filter>EC\Component\Controller</Filter>
    </ClInclude>
    <ClInclude Include="component_system_update_animate_move.h">
      <Filter>EC\Component\System\Update</Filter>
    </ClInclude>
  </ItemGroup>
  <ItemGroup>
    <None Include="Resources\Shaders\sprite.fs">
      <Filter>Resource Files</Filter>
    </None>
    <None Include="Resources\Shaders\sprite.vs">
      <Filter>Resource Files</Filter>
    </None>
  </ItemGroup>
</Project>